
Microsoft Visual Studio Solution File, Format Version 12.00
# Visual Studio Version 16
VisualStudioVersion = 16.0.31727.386
MinimumVisualStudioVersion = 10.0.40219.1
Project("{FAE04EC0-301F-11D3-BF4B-00C04F79EFBC}") = "MaxLength", "HomeWork6\MaxLength.csproj", "{A2CAF7C2-0187-4AC1-9631-C26D2E7566AF}"
EndProject
Project("{FAE04EC0-301F-11D3-BF4B-00C04F79EFBC}") = "Palindrom", "Task2\Palindrom.csproj", "{05CE8BE6-3DFB-40C4-BA28-0EADD7FC9A05}"
EndProject
Project("{FAE04EC0-301F-11D3-BF4B-00C04F79EFBC}") = "CurlyBrace", "CurlyBrace\CurlyBrace.csproj", "{9FF66889-8190-4F70-8892-9918AC42330C}"
EndProject
Project("{FAE04EC0-301F-11D3-BF4B-00C04F79EFBC}") = "CurlyBrace2", "CurlyBrace2\CurlyBrace2.csproj", "{317CC136-09DA-43D1-80D7-6F30ED1377BD}"
EndProject
Global
	GlobalSection(SolutionConfigurationPlatforms) = preSolution
		Debug|Any CPU = Debug|Any CPU
		Release|Any CPU = Release|Any CPU
	EndGlobalSection
	GlobalSection(ProjectConfigurationPlatforms) = postSolution
		{A2CAF7C2-0187-4AC1-9631-C26D2E7566AF}.Debug|Any CPU.ActiveCfg = Debug|Any CPU
		{A2CAF7C2-0187-4AC1-9631-C26D2E7566AF}.Debug|Any CPU.Build.0 = Debug|Any CPU
		{A2CAF7C2-0187-4AC1-9631-C26D2E7566AF}.Release|Any CPU.ActiveCfg = Release|Any CPU
		{A2CAF7C2-0187-4AC1-9631-C26D2E7566AF}.Release|Any CPU.Build.0 = Release|Any CPU
		{05CE8BE6-3DFB-40C4-BA28-0EADD7FC9A05}.Debug|Any CPU.ActiveCfg = Debug|Any CPU
		{05CE8BE6-3DFB-40C4-BA28-0EADD7FC9A05}.Debug|Any CPU.Build.0 = Debug|Any CPU
		{05CE8BE6-3DFB-40C4-BA28-0EADD7FC9A05}.Release|Any CPU.ActiveCfg = Release|Any CPU
		{05CE8BE6-3DFB-40C4-BA28-0EADD7FC9A05}.Release|Any CPU.Build.0 = Release|Any CPU
		{9FF66889-8190-4F70-8892-9918AC42330C}.Debug|Any CPU.ActiveCfg = Debug|Any CPU
		{9FF66889-8190-4F70-8892-9918AC42330C}.Debug|Any CPU.Build.0 = Debug|Any CPU
		{9FF66889-8190-4F70-8892-9918AC42330C}.Release|Any CPU.ActiveCfg = Release|Any CPU
		{9FF66889-8190-4F70-8892-9918AC42330C}.Release|Any CPU.Build.0 = Release|Any CPU
		{317CC136-09DA-43D1-80D7-6F30ED1377BD}.Debug|Any CPU.ActiveCfg = Debug|Any CPU
		{317CC136-09DA-43D1-80D7-6F30ED1377BD}.Debug|Any CPU.Build.0 = Debug|Any CPU
		{317CC136-09DA-43D1-80D7-6F30ED1377BD}.Release|Any CPU.ActiveCfg = Release|Any CPU
		{317CC136-09DA-43D1-80D7-6F30ED1377BD}.Release|Any CPU.Build.0 = Release|Any CPU
	EndGlobalSection
	GlobalSection(SolutionProperties) = preSolution
		HideSolutionNode = FALSE
	EndGlobalSection
	GlobalSection(ExtensibilityGlobals) = postSolution
		SolutionGuid = {C9BE3583-AC3F-4FD2-8943-CFA07A67A416}
	EndGlobalSection
EndGlobal
